
Microsoft Visual Studio Solution File, Format Version 12.00
# Visual Studio Version 17
VisualStudioVersion = 17.13.35825.156 d17.13
MinimumVisualStudioVersion = 10.0.40219.1
Project("{8BC9CEB8-8B4A-11D0-8D11-00A0C91BC942}") = "LABA1_1", "LABA1_1\LABA1_1.vcxproj", "{F2F27AB3-30D8-4C8F-BBAA-D41CB205A1B8}"
EndProject
Global
	GlobalSection(SolutionConfigurationPlatforms) = preSolution
		Debug|x64 = Debug|x64
		Debug|x86 = Debug|x86
		Release|x64 = Release|x64
		Release|x86 = Release|x86
	EndGlobalSection
	GlobalSection(ProjectConfigurationPlatforms) = postSolution
		{F2F27AB3-30D8-4C8F-BBAA-D41CB205A1B8}.Debug|x64.ActiveCfg = Debug|x64
		{F2F27AB3-30D8-4C8F-BBAA-D41CB205A1B8}.Debug|x64.Build.0 = Debug|x64
		{F2F27AB3-30D8-4C8F-BBAA-D41CB205A1B8}.Debug|x86.ActiveCfg = Debug|Win32
		{F2F27AB3-30D8-4C8F-BBAA-D41CB205A1B8}.Debug|x86.Build.0 = Debug|Win32
		{F2F27AB3-30D8-4C8F-BBAA-D41CB205A1B8}.Release|x64.ActiveCfg = Release|x64
		{F2F27AB3-30D8-4C8F-BBAA-D41CB205A1B8}.Release|x64.Build.0 = Release|x64
		{F2F27AB3-30D8-4C8F-BBAA-D41CB205A1B8}.Release|x86.ActiveCfg = Release|Win32
		{F2F27AB3-30D8-4C8F-BBAA-D41CB205A1B8}.Release|x86.Build.0 = Release|Win32
	EndGlobalSection
	GlobalSection(SolutionProperties) = preSolution
		HideSolutionNode = FALSE
	EndGlobalSection
	GlobalSection(ExtensibilityGlobals) = postSolution
		SolutionGuid = {6603D7AE-DEB2-458E-9E9D-3609F12BAD1E}
	EndGlobalSection
EndGlobal
